{
  "name": "wgp",
  "lockfileVersion": 2,
  "requires": true,
  "packages": {
    "": {
      "dependencies": {
        "layer8_interceptor": "^0.0.22",
        "layer8_middleware": "^0.0.22"
      }
    },
    "node_modules/layer8_interceptor": {
      "version": "0.0.22",
      "resolved": "https://registry.npmjs.org/layer8_interceptor/-/layer8_interceptor-0.0.22.tgz",
      "integrity": "sha512-67RYEm1IwuQ56cJuzm6uDA6RFBJeaLDxPOEB3WQVVLOxtxRlyhpYdWZx57Q/S/3QWnBhvbB+kMakF5Ni37vmjw=="
    },
    "node_modules/layer8_middleware": {
      "version": "0.0.22",
      "resolved": "https://registry.npmjs.org/layer8_middleware/-/layer8_middleware-0.0.22.tgz",
      "integrity": "sha512-HFvLDM8LNe/ijeiUzjclWGYUNqTUEPMKO9ua1jeXfdgx0NWFe+2WBv6FLuLeAUl7UO/Z43Um/zodPIegKsuZmA=="
    }
  },
  "dependencies": {
    "layer8_interceptor": {
      "version": "0.0.22",
      "resolved": "https://registry.npmjs.org/layer8_interceptor/-/layer8_interceptor-0.0.22.tgz",
      "integrity": "sha512-67RYEm1IwuQ56cJuzm6uDA6RFBJeaLDxPOEB3WQVVLOxtxRlyhpYdWZx57Q/S/3QWnBhvbB+kMakF5Ni37vmjw=="
    },
    "layer8_middleware": {
      "version": "0.0.22",
      "resolved": "https://registry.npmjs.org/layer8_middleware/-/layer8_middleware-0.0.22.tgz",
      "integrity": "sha512-HFvLDM8LNe/ijeiUzjclWGYUNqTUEPMKO9ua1jeXfdgx0NWFe+2WBv6FLuLeAUl7UO/Z43Um/zodPIegKsuZmA=="
    }
  }
}
